// !$*UTF8*$!
{
	archiveVersion = 1;
	classes = {
	};
	objectVersion = 45;
	objects = {

/* Begin PBXBuildFile section */
		3C68B7A712D3A1F600ADF8AC /* UISpec_1_0.a in Frameworks */ = {isa = PBXBuildFile; fileRef = 3C68B7A612D3A1F600ADF8AC /* UISpec_1_0.a */; };
		3C68B7A912D3A27B00ADF8AC /* UISpec.bundle in Resources */ = {isa = PBXBuildFile; fileRef = 3C68B7A812D3A27B00ADF8AC /* UISpec.bundle */; };
		3C68B7B312D3A4C100ADF8AC /* PlayerTests.m in Sources */ = {isa = PBXBuildFile; fileRef = 3C68B7B212D3A4C100ADF8AC /* PlayerTests.m */; };
		3C68B7BD12D3A6C800ADF8AC /* BinauralPlayer.h in Headers */ = {isa = PBXBuildFile; fileRef = 3C68B7BB12D3A6C800ADF8AC /* BinauralPlayer.h */; };
		3C68B7BE12D3A6C800ADF8AC /* BinauralPlayer.m in Sources */ = {isa = PBXBuildFile; fileRef = 3C68B7BC12D3A6C800ADF8AC /* BinauralPlayer.m */; };
		3C68B7BF12D3A6C800ADF8AC /* BinauralPlayer.m in Sources */ = {isa = PBXBuildFile; fileRef = 3C68B7BC12D3A6C800ADF8AC /* BinauralPlayer.m */; };
		AA747D9F0F9514B9006C5449 /* BinauralSoundEngine_Prefix.pch in Headers */ = {isa = PBXBuildFile; fileRef = AA747D9E0F9514B9006C5449 /* BinauralSoundEngine_Prefix.pch */; };
		AACBBE4A0F95108600F1A2B1 /* Foundation.framework in Frameworks */ = {isa = PBXBuildFile; fileRef = AACBBE490F95108600F1A2B1 /* Foundation.framework */; };
/* End PBXBuildFile section */

/* Begin PBXContainerItemProxy section */
		3C68B7D312D3A9B500ADF8AC /* PBXContainerItemProxy */ = {
			isa = PBXContainerItemProxy;
			containerPortal = 0867D690FE84028FC02AAC07 /* Project object */;
			proxyType = 1;
			remoteGlobalIDString = 3C68B68312D39DCC00ADF8AC /* UnitTests */;
			remoteInfo = UnitTests;
		};
/* End PBXContainerItemProxy section */

/* Begin PBXFileReference section */
		3C68B68412D39DCC00ADF8AC /* UnitTests.octest */ = {isa = PBXFileReference; explicitFileType = wrapper.cfbundle; includeInIndex = 0; path = UnitTests.octest; sourceTree = BUILT_PRODUCTS_DIR; };
		3C68B68512D39DCC00ADF8AC /* UnitTests-Info.plist */ = {isa = PBXFileReference; lastKnownFileType = text.plist.xml; path = "UnitTests-Info.plist"; sourceTree = "<group>"; };
		3C68B79512D3A04E00ADF8AC /* CFNetwork.framework */ = {isa = PBXFileReference; lastKnownFileType = wrapper.framework; name = CFNetwork.framework; path = System/Library/Frameworks/CFNetwork.framework; sourceTree = SDKROOT; };
		3C68B7A612D3A1F600ADF8AC /* UISpec_1_0.a */ = {isa = PBXFileReference; lastKnownFileType = archive.ar; name = UISpec_1_0.a; path = "/Users/ian/src/uispec-read-only/bin/UISpec/UISpec_1_0.a"; sourceTree = "<absolute>"; };
		3C68B7A812D3A27B00ADF8AC /* UISpec.bundle */ = {isa = PBXFileReference; lastKnownFileType = "wrapper.plug-in"; name = UISpec.bundle; path = "/Users/ian/src/uispec-read-only/bin/UISpec/UISpec.bundle"; sourceTree = "<absolute>"; };
		3C68B7B112D3A4C100ADF8AC /* PlayerTests.h */ = {isa = PBXFileReference; fileEncoding = 4; lastKnownFileType = sourcecode.c.h; path = PlayerTests.h; sourceTree = "<group>"; };
		3C68B7B212D3A4C100ADF8AC /* PlayerTests.m */ = {isa = PBXFileReference; fileEncoding = 4; lastKnownFileType = sourcecode.c.objc; path = PlayerTests.m; sourceTree = "<group>"; };
		3C68B7BB12D3A6C800ADF8AC /* BinauralPlayer.h */ = {isa = PBXFileReference; fileEncoding = 4; lastKnownFileType = sourcecode.c.h; path = BinauralPlayer.h; sourceTree = "<group>"; };
		3C68B7BC12D3A6C800ADF8AC /* BinauralPlayer.m */ = {isa = PBXFileReference; fileEncoding = 4; lastKnownFileType = sourcecode.c.objc; path = BinauralPlayer.m; sourceTree = "<group>"; };
		AA747D9E0F9514B9006C5449 /* BinauralSoundEngine_Prefix.pch */ = {isa = PBXFileReference; fileEncoding = 4; lastKnownFileType = sourcecode.c.h; path = BinauralSoundEngine_Prefix.pch; sourceTree = SOURCE_ROOT; };
		AACBBE490F95108600F1A2B1 /* Foundation.framework */ = {isa = PBXFileReference; lastKnownFileType = wrapper.framework; name = Foundation.framework; path = System/Library/Frameworks/Foundation.framework; sourceTree = SDKROOT; };
		D2AAC07E0554694100DB518D /* libBinauralSoundEngine.a */ = {isa = PBXFileReference; explicitFileType = archive.ar; includeInIndex = 0; path = libBinauralSoundEngine.a; sourceTree = BUILT_PRODUCTS_DIR; };
/* End PBXFileReference section */

/* Begin PBXFrameworksBuildPhase section */
		3C68B68112D39DCC00ADF8AC /* Frameworks */ = {
			isa = PBXFrameworksBuildPhase;
			buildActionMask = 2147483647;
			files = (
				3C68B7A712D3A1F600ADF8AC /* UISpec_1_0.a in Frameworks */,
			);
			runOnlyForDeploymentPostprocessing = 0;
		};
		D2AAC07C0554694100DB518D /* Frameworks */ = {
			isa = PBXFrameworksBuildPhase;
			buildActionMask = 2147483647;
			files = (
				AACBBE4A0F95108600F1A2B1 /* Foundation.framework in Frameworks */,
			);
			runOnlyForDeploymentPostprocessing = 0;
		};
/* End PBXFrameworksBuildPhase section */

/* Begin PBXGroup section */
		034768DFFF38A50411DB9C8B /* Products */ = {
			isa = PBXGroup;
			children = (
				D2AAC07E0554694100DB518D /* libBinauralSoundEngine.a */,
				3C68B68412D39DCC00ADF8AC /* UnitTests.octest */,
			);
			name = Products;
			sourceTree = "<group>";
		};
		0867D691FE84028FC02AAC07 /* BinauralSoundEngine */ = {
			isa = PBXGroup;
			children = (
				3C68B7B012D3A37D00ADF8AC /* Tests */,
				08FB77AEFE84172EC02AAC07 /* Classes */,
				32C88DFF0371C24200C91783 /* Other Sources */,
				0867D69AFE84028FC02AAC07 /* Frameworks */,
				034768DFFF38A50411DB9C8B /* Products */,
				3C68B68512D39DCC00ADF8AC /* UnitTests-Info.plist */,
			);
			name = BinauralSoundEngine;
			sourceTree = "<group>";
		};
		0867D69AFE84028FC02AAC07 /* Frameworks */ = {
			isa = PBXGroup;
			children = (
				3C68B7A612D3A1F600ADF8AC /* UISpec_1_0.a */,
				3C68B79512D3A04E00ADF8AC /* CFNetwork.framework */,
				AACBBE490F95108600F1A2B1 /* Foundation.framework */,
			);
			name = Frameworks;
			sourceTree = "<group>";
		};
		08FB77AEFE84172EC02AAC07 /* Classes */ = {
			isa = PBXGroup;
			children = (
				3C68B7BB12D3A6C800ADF8AC /* BinauralPlayer.h */,
				3C68B7BC12D3A6C800ADF8AC /* BinauralPlayer.m */,
			);
			name = Classes;
			sourceTree = "<group>";
		};
		32C88DFF0371C24200C91783 /* Other Sources */ = {
			isa = PBXGroup;
			children = (
				3C68B7A812D3A27B00ADF8AC /* UISpec.bundle */,
				AA747D9E0F9514B9006C5449 /* BinauralSoundEngine_Prefix.pch */,
			);
			name = "Other Sources";
			sourceTree = "<group>";
		};
		3C68B7B012D3A37D00ADF8AC /* Tests */ = {
			isa = PBXGroup;
			children = (
				3C68B7B112D3A4C100ADF8AC /* PlayerTests.h */,
				3C68B7B212D3A4C100ADF8AC /* PlayerTests.m */,
			);
			name = Tests;
			sourceTree = "<group>";
		};
/* End PBXGroup section */

/* Begin PBXHeadersBuildPhase section */
		D2AAC07A0554694100DB518D /* Headers */ = {
			isa = PBXHeadersBuildPhase;
			buildActionMask = 2147483647;
			files = (
				AA747D9F0F9514B9006C5449 /* BinauralSoundEngine_Prefix.pch in Headers */,
				3C68B7BD12D3A6C800ADF8AC /* BinauralPlayer.h in Headers */,
			);
			runOnlyForDeploymentPostprocessing = 0;
		};
/* End PBXHeadersBuildPhase section */

/* Begin PBXNativeTarget section */
		3C68B68312D39DCC00ADF8AC /* UnitTests */ = {
			isa = PBXNativeTarget;
			buildConfigurationList = 3C68B68912D39DCC00ADF8AC /* Build configuration list for PBXNativeTarget "UnitTests" */;
			buildPhases = (
				3C68B67F12D39DCC00ADF8AC /* Resources */,
				3C68B68012D39DCC00ADF8AC /* Sources */,
				3C68B68112D39DCC00ADF8AC /* Frameworks */,
				3C68B68212D39DCC00ADF8AC /* ShellScript */,
			);
			buildRules = (
			);
			dependencies = (
			);
			name = UnitTests;
			productName = UnitTests;
			productReference = 3C68B68412D39DCC00ADF8AC /* UnitTests.octest */;
			productType = "com.apple.product-type.bundle";
		};
		D2AAC07D0554694100DB518D /* BinauralSoundEngine */ = {
			isa = PBXNativeTarget;
			buildConfigurationList = 1DEB921E08733DC00010E9CD /* Build configuration list for PBXNativeTarget "BinauralSoundEngine" */;
			buildPhases = (
				D2AAC07A0554694100DB518D /* Headers */,
				D2AAC07B0554694100DB518D /* Sources */,
				D2AAC07C0554694100DB518D /* Frameworks */,
			);
			buildRules = (
			);
			dependencies = (
				3C68B7D412D3A9B500ADF8AC /* PBXTargetDependency */,
			);
			name = BinauralSoundEngine;
			productName = BinauralSoundEngine;
			productReference = D2AAC07E0554694100DB518D /* libBinauralSoundEngine.a */;
			productType = "com.apple.product-type.library.static";
		};
/* End PBXNativeTarget section */

/* Begin PBXProject section */
		0867D690FE84028FC02AAC07 /* Project object */ = {
			isa = PBXProject;
			buildConfigurationList = 1DEB922208733DC00010E9CD /* Build configuration list for PBXProject "BinauralSoundEngine" */;
			compatibilityVersion = "Xcode 3.1";
			developmentRegion = English;
			hasScannedForEncodings = 1;
			knownRegions = (
				English,
				Japanese,
				French,
				German,
			);
			mainGroup = 0867D691FE84028FC02AAC07 /* BinauralSoundEngine */;
			productRefGroup = 034768DFFF38A50411DB9C8B /* Products */;
			projectDirPath = "";
			projectRoot = "";
			targets = (
				D2AAC07D0554694100DB518D /* BinauralSoundEngine */,
				3C68B68312D39DCC00ADF8AC /* UnitTests */,
			);
		};
/* End PBXProject section */

/* Begin PBXResourcesBuildPhase section */
		3C68B67F12D39DCC00ADF8AC /* Resources */ = {
			isa = PBXResourcesBuildPhase;
			buildActionMask = 2147483647;
			files = (
				3C68B7A912D3A27B00ADF8AC /* UISpec.bundle in Resources */,
			);
			runOnlyForDeploymentPostprocessing = 0;
		};
/* End PBXResourcesBuildPhase section */

/* Begin PBXShellScriptBuildPhase section */
		3C68B68212D39DCC00ADF8AC /* ShellScript */ = {
			isa = PBXShellScriptBuildPhase;
			buildActionMask = 2147483647;
			files = (
			);
			inputPaths = (
			);
			outputPaths = (
			);
			runOnlyForDeploymentPostprocessing = 0;
			shellPath = /bin/sh;
			shellScript = "# Run the unit tests in this test bundle.\n\"${SYSTEM_DEVELOPER_DIR}/Tools/RunUnitTests\"\n";
		};
/* End PBXShellScriptBuildPhase section */

/* Begin PBXSourcesBuildPhase section */
		3C68B68012D39DCC00ADF8AC /* Sources */ = {
			isa = PBXSourcesBuildPhase;
			buildActionMask = 2147483647;
			files = (
				3C68B7B312D3A4C100ADF8AC /* PlayerTests.m in Sources */,
				3C68B7BF12D3A6C800ADF8AC /* BinauralPlayer.m in Sources */,
			);
			runOnlyForDeploymentPostprocessing = 0;
		};
		D2AAC07B0554694100DB518D /* Sources */ = {
			isa = PBXSourcesBuildPhase;
			buildActionMask = 2147483647;
			files = (
				3C68B7BE12D3A6C800ADF8AC /* BinauralPlayer.m in Sources */,
			);
			runOnlyForDeploymentPostprocessing = 0;
		};
/* End PBXSourcesBuildPhase section */

/* Begin PBXTargetDependency section */
		3C68B7D412D3A9B500ADF8AC /* PBXTargetDependency */ = {
			isa = PBXTargetDependency;
			target = 3C68B68312D39DCC00ADF8AC /* UnitTests */;
			targetProxy = 3C68B7D312D3A9B500ADF8AC /* PBXContainerItemProxy */;
		};
/* End PBXTargetDependency section */

/* Begin XCBuildConfiguration section */
		1DEB921F08733DC00010E9CD /* Debug */ = {
			isa = XCBuildConfiguration;
			buildSettings = {
				ALWAYS_SEARCH_USER_PATHS = NO;
				ARCHS = "$(ARCHS_STANDARD_32_BIT)";
				COPY_PHASE_STRIP = NO;
				DSTROOT = /tmp/BinauralSoundEngine.dst;
				GCC_DYNAMIC_NO_PIC = NO;
				GCC_ENABLE_FIX_AND_CONTINUE = YES;
				GCC_MODEL_TUNING = G5;
				GCC_OPTIMIZATION_LEVEL = 0;
				GCC_PRECOMPILE_PREFIX_HEADER = YES;
				GCC_PREFIX_HEADER = BinauralSoundEngine_Prefix.pch;
				INSTALL_PATH = /usr/local/lib;
				PRODUCT_NAME = BinauralSoundEngine;
			};
			name = Debug;
		};
		1DEB922008733DC00010E9CD /* Release */ = {
			isa = XCBuildConfiguration;
			buildSettings = {
				ALWAYS_SEARCH_USER_PATHS = NO;
				ARCHS = "$(ARCHS_STANDARD_32_BIT)";
				DSTROOT = /tmp/BinauralSoundEngine.dst;
				GCC_MODEL_TUNING = G5;
				GCC_PRECOMPILE_PREFIX_HEADER = YES;
				GCC_PREFIX_HEADER = BinauralSoundEngine_Prefix.pch;
				INSTALL_PATH = /usr/local/lib;
				PRODUCT_NAME = BinauralSoundEngine;
			};
			name = Release;
		};
		1DEB922308733DC00010E9CD /* Debug */ = {
			isa = XCBuildConfiguration;
			buildSettings = {
				ARCHS = "$(ARCHS_STANDARD_32_BIT)";
				GCC_C_LANGUAGE_STANDARD = c99;
				GCC_OPTIMIZATION_LEVEL = 0;
				GCC_WARN_ABOUT_RETURN_TYPE = YES;
				GCC_WARN_UNUSED_VARIABLE = YES;
				OTHER_LDFLAGS = "-ObjC";
				PREBINDING = NO;
				SDKROOT = iphoneos;
			};
			name = Debug;
		};
		1DEB922408733DC00010E9CD /* Release */ = {
			isa = XCBuildConfiguration;
			buildSettings = {
				ARCHS = "$(ARCHS_STANDARD_32_BIT)";
				GCC_C_LANGUAGE_STANDARD = c99;
				GCC_WARN_ABOUT_RETURN_TYPE = YES;
				GCC_WARN_UNUSED_VARIABLE = YES;
				OTHER_LDFLAGS = "-ObjC";
				PREBINDING = NO;
				SDKROOT = iphoneos;
			};
			name = Release;
		};
		3C68B68712D39DCC00ADF8AC /* Debug */ = {
			isa = XCBuildConfiguration;
			buildSettings = {
				ALWAYS_SEARCH_USER_PATHS = NO;
				"CODE_SIGN_IDENTITY[sdk=iphoneos*]" = "";
				COPY_PHASE_STRIP = NO;
				FRAMEWORK_SEARCH_PATHS = (
					"\"$(SDKROOT)/Developer/Library/Frameworks\"",
					"\"$(DEVELOPER_LIBRARY_DIR)/Frameworks\"",
				);
				GCC_DYNAMIC_NO_PIC = NO;
				GCC_ENABLE_FIX_AND_CONTINUE = NO;
				GCC_ENABLE_OBJC_EXCEPTIONS = YES;
				GCC_OPTIMIZATION_LEVEL = 0;
				HEADER_SEARCH_PATHS = "/Users/ian/src/uispec-read-only/bin/UISpec/Headers";
				INFOPLIST_FILE = "UnitTests-Info.plist";
				LIBRARY_SEARCH_PATHS = (
					"$(inherited)",
					"\"$(SRCROOT)/../../src/uispec-read-only/bin/UISpec\"",
				);
				OTHER_LDFLAGS = (
					"-framework",
					Foundation,
					"-framework",
					SenTestingKit,
					"-framework",
					UIKit,
				);
				PREBINDING = NO;
				PRODUCT_NAME = UnitTests;
				SDKROOT = iphoneos;
				WRAPPER_EXTENSION = octest;
			};
			name = Debug;
		};
		3C68B68812D39DCC00ADF8AC /* Release */ = {
			isa = XCBuildConfiguration;
			buildSettings = {
				ALWAYS_SEARCH_USER_PATHS = NO;
				"CODE_SIGN_IDENTITY[sdk=iphoneos*]" = "";
				COPY_PHASE_STRIP = YES;
				DEBUG_INFORMATION_FORMAT = "dwarf-with-dsym";
				FRAMEWORK_SEARCH_PATHS = (
					"\"$(SDKROOT)/Developer/Library/Frameworks\"",
					"\"$(DEVELOPER_LIBRARY_DIR)/Frameworks\"",
				);
				GCC_ENABLE_FIX_AND_CONTINUE = NO;
				GCC_ENABLE_OBJC_EXCEPTIONS = YES;
				HEADER_SEARCH_PATHS = "/Users/ian/src/uispec-read-only/bin/UISpec/Headers";
				INFOPLIST_FILE = "UnitTests-Info.plist";
				LIBRARY_SEARCH_PATHS = (
					"$(inherited)",
					"\"$(SRCROOT)/../../src/uispec-read-only/bin/UISpec\"",
				);
				OTHER_LDFLAGS = (
					"-framework",
					Foundation,
					"-framework",
					SenTestingKit,
					"-framework",
					UIKit,
				);
				PREBINDING = NO;
				PRODUCT_NAME = UnitTests;
				SDKROOT = iphoneos;
				WRAPPER_EXTENSION = octest;
				ZERO_LINK = NO;
			};
			name = Release;
		};
/* End XCBuildConfiguration section */

/* Begin XCConfigurationList section */
		1DEB921E08733DC00010E9CD /* Build configuration list for PBXNativeTarget "BinauralSoundEngine" */ = {
			isa = XCConfigurationList;
			buildConfigurations = (
				1DEB921F08733DC00010E9CD /* Debug */,
				1DEB922008733DC00010E9CD /* Release */,
			);
			defaultConfigurationIsVisible = 0;
			defaultConfigurationName = Release;
		};
		1DEB922208733DC00010E9CD /* Build configuration list for PBXProject "BinauralSoundEngine" */ = {
			isa = XCConfigurationList;
			buildConfigurations = (
				1DEB922308733DC00010E9CD /* Debug */,
				1DEB922408733DC00010E9CD /* Release */,
			);
			defaultConfigurationIsVisible = 0;
			defaultConfigurationName = Release;
		};
		3C68B68912D39DCC00ADF8AC /* Build configuration list for PBXNativeTarget "UnitTests" */ = {
			isa = XCConfigurationList;
			buildConfigurations = (
				3C68B68712D39DCC00ADF8AC /* Debug */,
				3C68B68812D39DCC00ADF8AC /* Release */,
			);
			defaultConfigurationIsVisible = 0;
			defaultConfigurationName = Release;
		};
/* End XCConfigurationList section */
	};
	rootObject = 0867D690FE84028FC02AAC07 /* Project object */;
}
